// !$*UTF8*$!
{
	archiveVersion = 1;
	classes = {
	};
	objectVersion = 56;
	objects = {

/* Begin PBXBuildFile section */
		169A74C12BF55DF40060DE54 /* AppDelegate.swift in Sources */ = {isa = PBXBuildFile; fileRef = 169A74C02BF55DF40060DE54 /* AppDelegate.swift */; };
		169A74C32BF55DF40060DE54 /* SceneDelegate.swift in Sources */ = {isa = PBXBuildFile; fileRef = 169A74C22BF55DF40060DE54 /* SceneDelegate.swift */; };
		169A74C52BF55DF40060DE54 /* ViewController.swift in Sources */ = {isa = PBXBuildFile; fileRef = 169A74C42BF55DF40060DE54 /* ViewController.swift */; };
		169A74CB2BF55DF50060DE54 /* Sportify.xcdatamodeld in Sources */ = {isa = PBXBuildFile; fileRef = 169A74C92BF55DF50060DE54 /* Sportify.xcdatamodeld */; };
		169A74CD2BF55E020060DE54 /* Assets.xcassets in Resources */ = {isa = PBXBuildFile; fileRef = 169A74CC2BF55E020060DE54 /* Assets.xcassets */; };
		169A74D02BF55E020060DE54 /* LaunchScreen.storyboard in Resources */ = {isa = PBXBuildFile; fileRef = 169A74CE2BF55E020060DE54 /* LaunchScreen.storyboard */; };
		16C2616A2BF670B2005947B1 /* SplashViewController.swift in Sources */ = {isa = PBXBuildFile; fileRef = 16C261682BF670B2005947B1 /* SplashViewController.swift */; };
		16C2616B2BF670B2005947B1 /* SplashViewController.xib in Resources */ = {isa = PBXBuildFile; fileRef = 16C261692BF670B2005947B1 /* SplashViewController.xib */; };
		16C5B1EA2BF8F91F00893426 /* LeagueDetailsViewController.swift in Sources */ = {isa = PBXBuildFile; fileRef = 16C5B1E82BF8F91F00893426 /* LeagueDetailsViewController.swift */; };
		16C5B1EB2BF8F91F00893426 /* LeagueDetailsViewController.xib in Resources */ = {isa = PBXBuildFile; fileRef = 16C5B1E92BF8F91F00893426 /* LeagueDetailsViewController.xib */; };
		16C5B1F42BF90E7000893426 /* HeaderCollectionView.swift in Sources */ = {isa = PBXBuildFile; fileRef = 16C5B1F22BF90E7000893426 /* HeaderCollectionView.swift */; };
		16C5B1F52BF90E7000893426 /* HeaderCollectionView.xib in Resources */ = {isa = PBXBuildFile; fileRef = 16C5B1F32BF90E7000893426 /* HeaderCollectionView.xib */; };
		16DAC7562BF7C10200EAAE79 /* HomeViewController.swift in Sources */ = {isa = PBXBuildFile; fileRef = 16DAC7542BF7C10200EAAE79 /* HomeViewController.swift */; };
		16DAC7572BF7C10200EAAE79 /* HomeViewController.xib in Resources */ = {isa = PBXBuildFile; fileRef = 16DAC7552BF7C10200EAAE79 /* HomeViewController.xib */; };
		16DAC7622BF7C44800EAAE79 /* TeamCell.swift in Sources */ = {isa = PBXBuildFile; fileRef = 16DAC7602BF7C44800EAAE79 /* TeamCell.swift */; };
		16DAC7632BF7C44800EAAE79 /* TeamCell.xib in Resources */ = {isa = PBXBuildFile; fileRef = 16DAC7612BF7C44800EAAE79 /* TeamCell.xib */; };
		16DAC7662BF7C48C00EAAE79 /* EventCell.swift in Sources */ = {isa = PBXBuildFile; fileRef = 16DAC7642BF7C48C00EAAE79 /* EventCell.swift */; };
		16DAC7672BF7C48C00EAAE79 /* EventCell.xib in Resources */ = {isa = PBXBuildFile; fileRef = 16DAC7652BF7C48C00EAAE79 /* EventCell.xib */; };
		16DAC76A2BF7E95B00EAAE79 /* SportCell.swift in Sources */ = {isa = PBXBuildFile; fileRef = 16DAC7682BF7E95B00EAAE79 /* SportCell.swift */; };
		16DAC76B2BF7E95B00EAAE79 /* SportCell.xib in Resources */ = {isa = PBXBuildFile; fileRef = 16DAC7692BF7E95B00EAAE79 /* SportCell.xib */; };
		834D8F541829312806DD1897 /* Pods_Sportify.framework in Frameworks */ = {isa = PBXBuildFile; fileRef = 38293C41C04A058196CD2E97 /* Pods_Sportify.framework */; };
		CA91F1002BF8237700A6BD4A /* TeamDetailsViewController.xib in Resources */ = {isa = PBXBuildFile; fileRef = CA91F0FF2BF8237700A6BD4A /* TeamDetailsViewController.xib */; };
		CA91F1012BF8237700A6BD4A /* TeamDetailsViewController.swift in Sources */ = {isa = PBXBuildFile; fileRef = CA91F0FE2BF8237700A6BD4A /* TeamDetailsViewController.swift */; };
		CA91F1042BF8252400A6BD4A /* PlayerTableViewCell.xib in Resources */ = {isa = PBXBuildFile; fileRef = CA91F1032BF8252400A6BD4A /* PlayerTableViewCell.xib */; };
		CA91F1052BF8252400A6BD4A /* PlayerTableViewCell.swift in Sources */ = {isa = PBXBuildFile; fileRef = CA91F1022BF8252400A6BD4A /* PlayerTableViewCell.swift */; };
		CA91F1092BF831FD00A6BD4A /* FavoriteViewController.swift in Sources */ = {isa = PBXBuildFile; fileRef = CA91F1072BF831FD00A6BD4A /* FavoriteViewController.swift */; };
		CA91F10A2BF831FD00A6BD4A /* FavoriteViewController.xib in Resources */ = {isa = PBXBuildFile; fileRef = CA91F1082BF831FD00A6BD4A /* FavoriteViewController.xib */; };
		CA9A638D2BFB773C001FF8F0 /* NetworkManager.swift in Sources */ = {isa = PBXBuildFile; fileRef = CA9A638C2BFB773C001FF8F0 /* NetworkManager.swift */; };
		CA9A63922BFB7811001FF8F0 /* LeagueViewModel.swift in Sources */ = {isa = PBXBuildFile; fileRef = CA9A63912BFB7811001FF8F0 /* LeagueViewModel.swift */; };
		CAA1659B2BFB75DC0021F532 /* LeagueResponse.swift in Sources */ = {isa = PBXBuildFile; fileRef = CAA1659A2BFB75DC0021F532 /* LeagueResponse.swift */; };
		CAA1659F2BFB762C0021F532 /* NetworkProtocol.swift in Sources */ = {isa = PBXBuildFile; fileRef = CAA1659E2BFB762C0021F532 /* NetworkProtocol.swift */; };
		CAC199B72BF7921900BDE612 /* Sprotifiy.json in Resources */ = {isa = PBXBuildFile; fileRef = CAC199B62BF7921800BDE612 /* Sprotifiy.json */; };
		CAC199BB2BF7A53C00BDE612 /* LeaguesViewController.xib in Resources */ = {isa = PBXBuildFile; fileRef = CAC199BA2BF7A53C00BDE612 /* LeaguesViewController.xib */; };
		CAC199BC2BF7A53C00BDE612 /* LeaguesViewController.swift in Sources */ = {isa = PBXBuildFile; fileRef = CAC199B92BF7A53C00BDE612 /* LeaguesViewController.swift */; };
		CAC199BF2BF7A75400BDE612 /* LeaguesTableViewCell.xib in Resources */ = {isa = PBXBuildFile; fileRef = CAC199BE2BF7A75400BDE612 /* LeaguesTableViewCell.xib */; };
		CAC199C02BF7A75400BDE612 /* LeaguesTableViewCell.swift in Sources */ = {isa = PBXBuildFile; fileRef = CAC199BD2BF7A75400BDE612 /* LeaguesTableViewCell.swift */; };
/* End PBXBuildFile section */

/* Begin PBXFileReference section */
		169A74BD2BF55DF40060DE54 /* Sportify.app */ = {isa = PBXFileReference; explicitFileType = wrapper.application; includeInIndex = 0; path = Sportify.app; sourceTree = BUILT_PRODUCTS_DIR; };
		169A74C02BF55DF40060DE54 /* AppDelegate.swift */ = {isa = PBXFileReference; lastKnownFileType = sourcecode.swift; path = AppDelegate.swift; sourceTree = "<group>"; };
		169A74C22BF55DF40060DE54 /* SceneDelegate.swift */ = {isa = PBXFileReference; lastKnownFileType = sourcecode.swift; path = SceneDelegate.swift; sourceTree = "<group>"; };
		169A74C42BF55DF40060DE54 /* ViewController.swift */ = {isa = PBXFileReference; lastKnownFileType = sourcecode.swift; path = ViewController.swift; sourceTree = "<group>"; };
		169A74CA2BF55DF50060DE54 /* Sportify.xcdatamodel */ = {isa = PBXFileReference; lastKnownFileType = wrapper.xcdatamodel; path = Sportify.xcdatamodel; sourceTree = "<group>"; };
		169A74CC2BF55E020060DE54 /* Assets.xcassets */ = {isa = PBXFileReference; lastKnownFileType = folder.assetcatalog; path = Assets.xcassets; sourceTree = "<group>"; };
		169A74CF2BF55E020060DE54 /* Base */ = {isa = PBXFileReference; lastKnownFileType = file.storyboard; name = Base; path = Base.lproj/LaunchScreen.storyboard; sourceTree = "<group>"; };
		169A74D12BF55E030060DE54 /* Info.plist */ = {isa = PBXFileReference; lastKnownFileType = text.plist.xml; path = Info.plist; sourceTree = "<group>"; };
		16C261682BF670B2005947B1 /* SplashViewController.swift */ = {isa = PBXFileReference; lastKnownFileType = sourcecode.swift; path = SplashViewController.swift; sourceTree = "<group>"; };
		16C261692BF670B2005947B1 /* SplashViewController.xib */ = {isa = PBXFileReference; lastKnownFileType = file.xib; path = SplashViewController.xib; sourceTree = "<group>"; };
		16C5B1E82BF8F91F00893426 /* LeagueDetailsViewController.swift */ = {isa = PBXFileReference; lastKnownFileType = sourcecode.swift; path = LeagueDetailsViewController.swift; sourceTree = "<group>"; };
		16C5B1E92BF8F91F00893426 /* LeagueDetailsViewController.xib */ = {isa = PBXFileReference; lastKnownFileType = file.xib; path = LeagueDetailsViewController.xib; sourceTree = "<group>"; };
		16C5B1F22BF90E7000893426 /* HeaderCollectionView.swift */ = {isa = PBXFileReference; lastKnownFileType = sourcecode.swift; path = HeaderCollectionView.swift; sourceTree = "<group>"; };
		16C5B1F32BF90E7000893426 /* HeaderCollectionView.xib */ = {isa = PBXFileReference; lastKnownFileType = file.xib; path = HeaderCollectionView.xib; sourceTree = "<group>"; };
		16DAC7542BF7C10200EAAE79 /* HomeViewController.swift */ = {isa = PBXFileReference; lastKnownFileType = sourcecode.swift; path = HomeViewController.swift; sourceTree = "<group>"; };
		16DAC7552BF7C10200EAAE79 /* HomeViewController.xib */ = {isa = PBXFileReference; lastKnownFileType = file.xib; path = HomeViewController.xib; sourceTree = "<group>"; };
		16DAC7602BF7C44800EAAE79 /* TeamCell.swift */ = {isa = PBXFileReference; lastKnownFileType = sourcecode.swift; path = TeamCell.swift; sourceTree = "<group>"; };
		16DAC7612BF7C44800EAAE79 /* TeamCell.xib */ = {isa = PBXFileReference; lastKnownFileType = file.xib; path = TeamCell.xib; sourceTree = "<group>"; };
		16DAC7642BF7C48C00EAAE79 /* EventCell.swift */ = {isa = PBXFileReference; lastKnownFileType = sourcecode.swift; path = EventCell.swift; sourceTree = "<group>"; };
		16DAC7652BF7C48C00EAAE79 /* EventCell.xib */ = {isa = PBXFileReference; lastKnownFileType = file.xib; path = EventCell.xib; sourceTree = "<group>"; };
		16DAC7682BF7E95B00EAAE79 /* SportCell.swift */ = {isa = PBXFileReference; lastKnownFileType = sourcecode.swift; path = SportCell.swift; sourceTree = "<group>"; };
		16DAC7692BF7E95B00EAAE79 /* SportCell.xib */ = {isa = PBXFileReference; lastKnownFileType = file.xib; path = SportCell.xib; sourceTree = "<group>"; };
		38293C41C04A058196CD2E97 /* Pods_Sportify.framework */ = {isa = PBXFileReference; explicitFileType = wrapper.framework; includeInIndex = 0; path = Pods_Sportify.framework; sourceTree = BUILT_PRODUCTS_DIR; };
		9537C74A99DFA3ED219D6375 /* Pods-Sportify.release.xcconfig */ = {isa = PBXFileReference; includeInIndex = 1; lastKnownFileType = text.xcconfig; name = "Pods-Sportify.release.xcconfig"; path = "Target Support Files/Pods-Sportify/Pods-Sportify.release.xcconfig"; sourceTree = "<group>"; };
		CA91F0FE2BF8237700A6BD4A /* TeamDetailsViewController.swift */ = {isa = PBXFileReference; lastKnownFileType = sourcecode.swift; path = TeamDetailsViewController.swift; sourceTree = "<group>"; };
		CA91F0FF2BF8237700A6BD4A /* TeamDetailsViewController.xib */ = {isa = PBXFileReference; lastKnownFileType = file.xib; path = TeamDetailsViewController.xib; sourceTree = "<group>"; };
		CA91F1022BF8252400A6BD4A /* PlayerTableViewCell.swift */ = {isa = PBXFileReference; lastKnownFileType = sourcecode.swift; path = PlayerTableViewCell.swift; sourceTree = "<group>"; };
		CA91F1032BF8252400A6BD4A /* PlayerTableViewCell.xib */ = {isa = PBXFileReference; lastKnownFileType = file.xib; path = PlayerTableViewCell.xib; sourceTree = "<group>"; };
		CA91F1072BF831FD00A6BD4A /* FavoriteViewController.swift */ = {isa = PBXFileReference; lastKnownFileType = sourcecode.swift; path = FavoriteViewController.swift; sourceTree = "<group>"; };
		CA91F1082BF831FD00A6BD4A /* FavoriteViewController.xib */ = {isa = PBXFileReference; lastKnownFileType = file.xib; path = FavoriteViewController.xib; sourceTree = "<group>"; };
		CA9A638C2BFB773C001FF8F0 /* NetworkManager.swift */ = {isa = PBXFileReference; lastKnownFileType = sourcecode.swift; path = NetworkManager.swift; sourceTree = "<group>"; };
		CA9A63912BFB7811001FF8F0 /* LeagueViewModel.swift */ = {isa = PBXFileReference; lastKnownFileType = sourcecode.swift; path = LeagueViewModel.swift; sourceTree = "<group>"; };
		CAA1659A2BFB75DC0021F532 /* LeagueResponse.swift */ = {isa = PBXFileReference; lastKnownFileType = sourcecode.swift; path = LeagueResponse.swift; sourceTree = "<group>"; };
		CAA1659E2BFB762C0021F532 /* NetworkProtocol.swift */ = {isa = PBXFileReference; lastKnownFileType = sourcecode.swift; path = NetworkProtocol.swift; sourceTree = "<group>"; };
		CAC199B62BF7921800BDE612 /* Sprotifiy.json */ = {isa = PBXFileReference; fileEncoding = 4; lastKnownFileType = text.json; path = Sprotifiy.json; sourceTree = "<group>"; };
		CAC199B92BF7A53C00BDE612 /* LeaguesViewController.swift */ = {isa = PBXFileReference; lastKnownFileType = sourcecode.swift; path = LeaguesViewController.swift; sourceTree = "<group>"; };
		CAC199BA2BF7A53C00BDE612 /* LeaguesViewController.xib */ = {isa = PBXFileReference; lastKnownFileType = file.xib; path = LeaguesViewController.xib; sourceTree = "<group>"; };
		CAC199BD2BF7A75400BDE612 /* LeaguesTableViewCell.swift */ = {isa = PBXFileReference; lastKnownFileType = sourcecode.swift; path = LeaguesTableViewCell.swift; sourceTree = "<group>"; };
		CAC199BE2BF7A75400BDE612 /* LeaguesTableViewCell.xib */ = {isa = PBXFileReference; lastKnownFileType = file.xib; path = LeaguesTableViewCell.xib; sourceTree = "<group>"; };
		EACD7EF03FED138469C103F1 /* Pods-Sportify.debug.xcconfig */ = {isa = PBXFileReference; includeInIndex = 1; lastKnownFileType = text.xcconfig; name = "Pods-Sportify.debug.xcconfig"; path = "Target Support Files/Pods-Sportify/Pods-Sportify.debug.xcconfig"; sourceTree = "<group>"; };
/* End PBXFileReference section */

/* Begin PBXFrameworksBuildPhase section */
		169A74BA2BF55DF40060DE54 /* Frameworks */ = {
			isa = PBXFrameworksBuildPhase;
			buildActionMask = 2147483647;
			files = (
				834D8F541829312806DD1897 /* Pods_Sportify.framework in Frameworks */,
			);
			runOnlyForDeploymentPostprocessing = 0;
		};
/* End PBXFrameworksBuildPhase section */

/* Begin PBXGroup section */
		169A74B42BF55DF40060DE54 = {
			isa = PBXGroup;
			children = (
				169A74BF2BF55DF40060DE54 /* Sportify */,
				169A74BE2BF55DF40060DE54 /* Products */,
				F4D4FD4275BE7A505DFB7D12 /* Pods */,
				A2B072AD4C375A11A4DB8676 /* Frameworks */,
			);
			sourceTree = "<group>";
		};
		169A74BE2BF55DF40060DE54 /* Products */ = {
			isa = PBXGroup;
			children = (
				169A74BD2BF55DF40060DE54 /* Sportify.app */,
			);
			name = Products;
			sourceTree = "<group>";
		};
		169A74BF2BF55DF40060DE54 /* Sportify */ = {
			isa = PBXGroup;
			children = (
				16DAC75A2BF7C19E00EAAE79 /* LeagueDetails */,
				CA9A638E2BFB7771001FF8F0 /* Modules */,
				CAA1659C2BFB76030021F532 /* Services */,
				CAA165992BFB75A30021F532 /* Model */,
				16DAC7582BF7C11E00EAAE79 /* Home */,
				169A74C02BF55DF40060DE54 /* AppDelegate.swift */,
				169A74C22BF55DF40060DE54 /* SceneDelegate.swift */,
				169A74C42BF55DF40060DE54 /* ViewController.swift */,
				169A74CC2BF55E020060DE54 /* Assets.xcassets */,
				169A74CE2BF55E020060DE54 /* LaunchScreen.storyboard */,
				169A74D12BF55E030060DE54 /* Info.plist */,
				169A74C92BF55DF50060DE54 /* Sportify.xcdatamodeld */,
			);
			path = Sportify;
			sourceTree = "<group>";
		};
		16C261672BF6706A005947B1 /* SplashScreen */ = {
			isa = PBXGroup;
			children = (
				16C261682BF670B2005947B1 /* SplashViewController.swift */,
				16C261692BF670B2005947B1 /* SplashViewController.xib */,
				CAC199B62BF7921800BDE612 /* Sprotifiy.json */,
			);
			path = SplashScreen;
			sourceTree = "<group>";
		};
		16DAC7582BF7C11E00EAAE79 /* Home */ = {
			isa = PBXGroup;
			children = (
				16DAC7592BF7C12B00EAAE79 /* view */,
			);
			path = Home;
			sourceTree = "<group>";
		};
		16DAC7592BF7C12B00EAAE79 /* view */ = {
			isa = PBXGroup;
			children = (
				16DAC7542BF7C10200EAAE79 /* HomeViewController.swift */,
				16DAC7552BF7C10200EAAE79 /* HomeViewController.xib */,
				16DAC7682BF7E95B00EAAE79 /* SportCell.swift */,
				16DAC7692BF7E95B00EAAE79 /* SportCell.xib */,
			);
			path = view;
			sourceTree = "<group>";
		};
		16DAC75A2BF7C19E00EAAE79 /* LeagueDetails */ = {
			isa = PBXGroup;
			children = (
				16DAC75B2BF7C1DD00EAAE79 /* view */,
			);
			path = LeagueDetails;
			sourceTree = "<group>";
		};
		16DAC75B2BF7C1DD00EAAE79 /* view */ = {
			isa = PBXGroup;
			children = (
				16DAC7602BF7C44800EAAE79 /* TeamCell.swift */,
				16DAC7612BF7C44800EAAE79 /* TeamCell.xib */,
				16DAC7642BF7C48C00EAAE79 /* EventCell.swift */,
				16DAC7652BF7C48C00EAAE79 /* EventCell.xib */,
				16C5B1E82BF8F91F00893426 /* LeagueDetailsViewController.swift */,
				16C5B1E92BF8F91F00893426 /* LeagueDetailsViewController.xib */,
				16C5B1F22BF90E7000893426 /* HeaderCollectionView.swift */,
				16C5B1F32BF90E7000893426 /* HeaderCollectionView.xib */,
			);
			path = view;
			sourceTree = "<group>";
		};
		A2B072AD4C375A11A4DB8676 /* Frameworks */ = {
			isa = PBXGroup;
			children = (
				38293C41C04A058196CD2E97 /* Pods_Sportify.framework */,
			);
			name = Frameworks;
			sourceTree = "<group>";
		};
		CA91F0FD2BF8233C00A6BD4A /* TeamDetailsScreen */ = {
			isa = PBXGroup;
			children = (
				CA91F0FE2BF8237700A6BD4A /* TeamDetailsViewController.swift */,
				CA91F0FF2BF8237700A6BD4A /* TeamDetailsViewController.xib */,
				CA91F1022BF8252400A6BD4A /* PlayerTableViewCell.swift */,
				CA91F1032BF8252400A6BD4A /* PlayerTableViewCell.xib */,
			);
			path = TeamDetailsScreen;
			sourceTree = "<group>";
		};
		CA91F1062BF831D400A6BD4A /* FavoriteScreen */ = {
			isa = PBXGroup;
			children = (
				CA91F1072BF831FD00A6BD4A /* FavoriteViewController.swift */,
				CA91F1082BF831FD00A6BD4A /* FavoriteViewController.xib */,
			);
			path = FavoriteScreen;
			sourceTree = "<group>";
		};
		CA9A638E2BFB7771001FF8F0 /* Modules */ = {
			isa = PBXGroup;
			children = (
				CAC199B82BF7A4EB00BDE612 /* LeaguesScreen */,
				CA91F1062BF831D400A6BD4A /* FavoriteScreen */,
				16C261672BF6706A005947B1 /* SplashScreen */,
				CA91F0FD2BF8233C00A6BD4A /* TeamDetailsScreen */,
			);
			path = Modules;
			sourceTree = "<group>";
		};
		CA9A638F2BFB77DE001FF8F0 /* view */ = {
			isa = PBXGroup;
			children = (
				CAC199B92BF7A53C00BDE612 /* LeaguesViewController.swift */,
				CAC199BA2BF7A53C00BDE612 /* LeaguesViewController.xib */,
				CAC199BD2BF7A75400BDE612 /* LeaguesTableViewCell.swift */,
				CAC199BE2BF7A75400BDE612 /* LeaguesTableViewCell.xib */,
			);
			path = view;
			sourceTree = "<group>";
		};
		CA9A63902BFB77F9001FF8F0 /* viewModel */ = {
			isa = PBXGroup;
			children = (
				CA9A63912BFB7811001FF8F0 /* LeagueViewModel.swift */,
			);
			path = viewModel;
			sourceTree = "<group>";
		};
		CAA165992BFB75A30021F532 /* Model */ = {
			isa = PBXGroup;
			children = (
				CAA1659A2BFB75DC0021F532 /* LeagueResponse.swift */,
			);
			path = Model;
			sourceTree = "<group>";
		};
		CAA1659C2BFB76030021F532 /* Services */ = {
			isa = PBXGroup;
			children = (
				CAA1659D2BFB76110021F532 /* Network Service */,
			);
			path = Services;
			sourceTree = "<group>";
		};
		CAA1659D2BFB76110021F532 /* Network Service */ = {
			isa = PBXGroup;
			children = (
				CAA1659E2BFB762C0021F532 /* NetworkProtocol.swift */,
				CA9A638C2BFB773C001FF8F0 /* NetworkManager.swift */,
			);
			path = "Network Service";
			sourceTree = "<group>";
		};
		CAC199B82BF7A4EB00BDE612 /* LeaguesScreen */ = {
			isa = PBXGroup;
			children = (
				CA9A63902BFB77F9001FF8F0 /* viewModel */,
				CA9A638F2BFB77DE001FF8F0 /* view */,
			);
			path = LeaguesScreen;
			sourceTree = "<group>";
		};
		F4D4FD4275BE7A505DFB7D12 /* Pods */ = {
			isa = PBXGroup;
			children = (
				EACD7EF03FED138469C103F1 /* Pods-Sportify.debug.xcconfig */,
				9537C74A99DFA3ED219D6375 /* Pods-Sportify.release.xcconfig */,
			);
			path = Pods;
			sourceTree = "<group>";
		};
/* End PBXGroup section */

/* Begin PBXNativeTarget section */
		169A74BC2BF55DF40060DE54 /* Sportify */ = {
			isa = PBXNativeTarget;
			buildConfigurationList = 169A74D42BF55E030060DE54 /* Build configuration list for PBXNativeTarget "Sportify" */;
			buildPhases = (
				5C5F7171936E239897976284 /* [CP] Check Pods Manifest.lock */,
				169A74B92BF55DF40060DE54 /* Sources */,
				169A74BA2BF55DF40060DE54 /* Frameworks */,
				169A74BB2BF55DF40060DE54 /* Resources */,
				6436B0C24B86308FD01790DE /* [CP] Embed Pods Frameworks */,
			);
			buildRules = (
			);
			dependencies = (
			);
			name = Sportify;
			productName = Sportify;
			productReference = 169A74BD2BF55DF40060DE54 /* Sportify.app */;
			productType = "com.apple.product-type.application";
		};
/* End PBXNativeTarget section */

/* Begin PBXProject section */
		169A74B52BF55DF40060DE54 /* Project object */ = {
			isa = PBXProject;
			attributes = {
				BuildIndependentTargetsInParallel = 1;
				LastSwiftUpdateCheck = 1520;
				LastUpgradeCheck = 1520;
				TargetAttributes = {
					169A74BC2BF55DF40060DE54 = {
						CreatedOnToolsVersion = 15.2;
					};
				};
			};
			buildConfigurationList = 169A74B82BF55DF40060DE54 /* Build configuration list for PBXProject "Sportify" */;
			compatibilityVersion = "Xcode 14.0";
			developmentRegion = en;
			hasScannedForEncodings = 0;
			knownRegions = (
				en,
				Base,
			);
			mainGroup = 169A74B42BF55DF40060DE54;
			productRefGroup = 169A74BE2BF55DF40060DE54 /* Products */;
			projectDirPath = "";
			projectRoot = "";
			targets = (
				169A74BC2BF55DF40060DE54 /* Sportify */,
			);
		};
/* End PBXProject section */

/* Begin PBXResourcesBuildPhase section */
		169A74BB2BF55DF40060DE54 /* Resources */ = {
			isa = PBXResourcesBuildPhase;
			buildActionMask = 2147483647;
			files = (
				16C5B1EB2BF8F91F00893426 /* LeagueDetailsViewController.xib in Resources */,
				169A74D02BF55E020060DE54 /* LaunchScreen.storyboard in Resources */,
				16C2616B2BF670B2005947B1 /* SplashViewController.xib in Resources */,
				CA91F10A2BF831FD00A6BD4A /* FavoriteViewController.xib in Resources */,
				CAC199BF2BF7A75400BDE612 /* LeaguesTableViewCell.xib in Resources */,
				169A74CD2BF55E020060DE54 /* Assets.xcassets in Resources */,
				CAC199B72BF7921900BDE612 /* Sprotifiy.json in Resources */,
				CAC199BB2BF7A53C00BDE612 /* LeaguesViewController.xib in Resources */,
				CA91F1042BF8252400A6BD4A /* PlayerTableViewCell.xib in Resources */,
				CA91F1002BF8237700A6BD4A /* TeamDetailsViewController.xib in Resources */,
				16C5B1F52BF90E7000893426 /* HeaderCollectionView.xib in Resources */,
				16DAC7632BF7C44800EAAE79 /* TeamCell.xib in Resources */,
				16DAC7572BF7C10200EAAE79 /* HomeViewController.xib in Resources */,
				16DAC76B2BF7E95B00EAAE79 /* SportCell.xib in Resources */,
				16DAC7672BF7C48C00EAAE79 /* EventCell.xib in Resources */,
			);
			runOnlyForDeploymentPostprocessing = 0;
		};
/* End PBXResourcesBuildPhase section */

/* Begin PBXShellScriptBuildPhase section */
		5C5F7171936E239897976284 /* [CP] Check Pods Manifest.lock */ = {
			isa = PBXShellScriptBuildPhase;
			buildActionMask = 2147483647;
			files = (
			);
			inputFileListPaths = (
			);
			inputPaths = (
				"${PODS_PODFILE_DIR_PATH}/Podfile.lock",
				"${PODS_ROOT}/Manifest.lock",
			);
			name = "[CP] Check Pods Manifest.lock";
			outputFileListPaths = (
			);
			outputPaths = (
				"$(DERIVED_FILE_DIR)/Pods-Sportify-checkManifestLockResult.txt",
			);
			runOnlyForDeploymentPostprocessing = 0;
			shellPath = /bin/sh;
			shellScript = "diff \"${PODS_PODFILE_DIR_PATH}/Podfile.lock\" \"${PODS_ROOT}/Manifest.lock\" > /dev/null\nif [ $? != 0 ] ; then\n    # print error to STDERR\n    echo \"error: The sandbox is not in sync with the Podfile.lock. Run 'pod install' or update your CocoaPods installation.\" >&2\n    exit 1\nfi\n# This output is used by Xcode 'outputs' to avoid re-running this script phase.\necho \"SUCCESS\" > \"${SCRIPT_OUTPUT_FILE_0}\"\n";
			showEnvVarsInLog = 0;
		};
		6436B0C24B86308FD01790DE /* [CP] Embed Pods Frameworks */ = {
			isa = PBXShellScriptBuildPhase;
			buildActionMask = 2147483647;
			files = (
			);
			inputFileListPaths = (
				"${PODS_ROOT}/Target Support Files/Pods-Sportify/Pods-Sportify-frameworks-${CONFIGURATION}-input-files.xcfilelist",
			);
			name = "[CP] Embed Pods Frameworks";
			outputFileListPaths = (
				"${PODS_ROOT}/Target Support Files/Pods-Sportify/Pods-Sportify-frameworks-${CONFIGURATION}-output-files.xcfilelist",
			);
			runOnlyForDeploymentPostprocessing = 0;
			shellPath = /bin/sh;
			shellScript = "\"${PODS_ROOT}/Target Support Files/Pods-Sportify/Pods-Sportify-frameworks.sh\"\n";
			showEnvVarsInLog = 0;
		};
/* End PBXShellScriptBuildPhase section */

/* Begin PBXSourcesBuildPhase section */
		169A74B92BF55DF40060DE54 /* Sources */ = {
			isa = PBXSourcesBuildPhase;
			buildActionMask = 2147483647;
			files = (
				CA9A638D2BFB773C001FF8F0 /* NetworkManager.swift in Sources */,
				16DAC7622BF7C44800EAAE79 /* TeamCell.swift in Sources */,
				16DAC7662BF7C48C00EAAE79 /* EventCell.swift in Sources */,
				16DAC76A2BF7E95B00EAAE79 /* SportCell.swift in Sources */,
				169A74C52BF55DF40060DE54 /* ViewController.swift in Sources */,
				16C5B1F42BF90E7000893426 /* HeaderCollectionView.swift in Sources */,
				16C5B1EA2BF8F91F00893426 /* LeagueDetailsViewController.swift in Sources */,
				169A74CB2BF55DF50060DE54 /* Sportify.xcdatamodeld in Sources */,
				169A74C12BF55DF40060DE54 /* AppDelegate.swift in Sources */,
				169A74C32BF55DF40060DE54 /* SceneDelegate.swift in Sources */,
				CA91F1092BF831FD00A6BD4A /* FavoriteViewController.swift in Sources */,
				CAC199C02BF7A75400BDE612 /* LeaguesTableViewCell.swift in Sources */,
				16C2616A2BF670B2005947B1 /* SplashViewController.swift in Sources */,
				CAA1659B2BFB75DC0021F532 /* LeagueResponse.swift in Sources */,
				CAC199BC2BF7A53C00BDE612 /* LeaguesViewController.swift in Sources */,
				CA9A63922BFB7811001FF8F0 /* LeagueViewModel.swift in Sources */,
				CAA1659F2BFB762C0021F532 /* NetworkProtocol.swift in Sources */,
				CA91F1052BF8252400A6BD4A /* PlayerTableViewCell.swift in Sources */,
				CA91F1012BF8237700A6BD4A /* TeamDetailsViewController.swift in Sources */,
				16DAC7562BF7C10200EAAE79 /* HomeViewController.swift in Sources */,
			);
			runOnlyForDeploymentPostprocessing = 0;
		};
/* End PBXSourcesBuildPhase section */

/* Begin PBXVariantGroup section */
		169A74CE2BF55E020060DE54 /* LaunchScreen.storyboard */ = {
			isa = PBXVariantGroup;
			children = (
				169A74CF2BF55E020060DE54 /* Base */,
			);
			name = LaunchScreen.storyboard;
			sourceTree = "<group>";
		};
/* End PBXVariantGroup section */

/* Begin XCBuildConfiguration section */
		169A74D22BF55E030060DE54 /* Debug */ = {
			isa = XCBuildConfiguration;
			buildSettings = {
				ALWAYS_SEARCH_USER_PATHS = NO;
				ASSETCATALOG_COMPILER_GENERATE_SWIFT_ASSET_SYMBOL_EXTENSIONS = YES;
				CLANG_ANALYZER_NONNULL = YES;
				CLANG_ANALYZER_NUMBER_OBJECT_CONVERSION = YES_AGGRESSIVE;
				CLANG_CXX_LANGUAGE_STANDARD = "gnu++20";
				CLANG_ENABLE_MODULES = YES;
				CLANG_ENABLE_OBJC_ARC = YES;
				CLANG_ENABLE_OBJC_WEAK = YES;
				CLANG_WARN_BLOCK_CAPTURE_AUTORELEASING = YES;
				CLANG_WARN_BOOL_CONVERSION = YES;
				CLANG_WARN_COMMA = YES;
				CLANG_WARN_CONSTANT_CONVERSION = YES;
				CLANG_WARN_DEPRECATED_OBJC_IMPLEMENTATIONS = YES;
				CLANG_WARN_DIRECT_OBJC_ISA_USAGE = YES_ERROR;
				CLANG_WARN_DOCUMENTATION_COMMENTS = YES;
				CLANG_WARN_EMPTY_BODY = YES;
				CLANG_WARN_ENUM_CONVERSION = YES;
				CLANG_WARN_INFINITE_RECURSION = YES;
				CLANG_WARN_INT_CONVERSION = YES;
				CLANG_WARN_NON_LITERAL_NULL_CONVERSION = YES;
				CLANG_WARN_OBJC_IMPLICIT_RETAIN_SELF = YES;
				CLANG_WARN_OBJC_LITERAL_CONVERSION = YES;
				CLANG_WARN_OBJC_ROOT_CLASS = YES_ERROR;
				CLANG_WARN_QUOTED_INCLUDE_IN_FRAMEWORK_HEADER = YES;
				CLANG_WARN_RANGE_LOOP_ANALYSIS = YES;
				CLANG_WARN_STRICT_PROTOTYPES = YES;
				CLANG_WARN_SUSPICIOUS_MOVE = YES;
				CLANG_WARN_UNGUARDED_AVAILABILITY = YES_AGGRESSIVE;
				CLANG_WARN_UNREACHABLE_CODE = YES;
				CLANG_WARN__DUPLICATE_METHOD_MATCH = YES;
				COPY_PHASE_STRIP = NO;
				DEBUG_INFORMATION_FORMAT = dwarf;
				ENABLE_STRICT_OBJC_MSGSEND = YES;
				ENABLE_TESTABILITY = YES;
				ENABLE_USER_SCRIPT_SANDBOXING = NO;
				GCC_C_LANGUAGE_STANDARD = gnu17;
				GCC_DYNAMIC_NO_PIC = NO;
				GCC_NO_COMMON_BLOCKS = YES;
				GCC_OPTIMIZATION_LEVEL = 0;
				GCC_PREPROCESSOR_DEFINITIONS = (
					"DEBUG=1",
					"$(inherited)",
				);
				GCC_WARN_64_TO_32_BIT_CONVERSION = YES;
				GCC_WARN_ABOUT_RETURN_TYPE = YES_ERROR;
				GCC_WARN_UNDECLARED_SELECTOR = YES;
				GCC_WARN_UNINITIALIZED_AUTOS = YES_AGGRESSIVE;
				GCC_WARN_UNUSED_FUNCTION = YES;
				GCC_WARN_UNUSED_VARIABLE = YES;
				IPHONEOS_DEPLOYMENT_TARGET = 17.2;
				LOCALIZATION_PREFERS_STRING_CATALOGS = YES;
				MTL_ENABLE_DEBUG_INFO = INCLUDE_SOURCE;
				MTL_FAST_MATH = YES;
				ONLY_ACTIVE_ARCH = YES;
				SDKROOT = iphoneos;
				SWIFT_ACTIVE_COMPILATION_CONDITIONS = "DEBUG $(inherited)";
				SWIFT_OPTIMIZATION_LEVEL = "-Onone";
			};
			name = Debug;
		};
		169A74D32BF55E030060DE54 /* Release */ = {
			isa = XCBuildConfiguration;
			buildSettings = {
				ALWAYS_SEARCH_USER_PATHS = NO;
				ASSETCATALOG_COMPILER_GENERATE_SWIFT_ASSET_SYMBOL_EXTENSIONS = YES;
				CLANG_ANALYZER_NONNULL = YES;
				CLANG_ANALYZER_NUMBER_OBJECT_CONVERSION = YES_AGGRESSIVE;
				CLANG_CXX_LANGUAGE_STANDARD = "gnu++20";
				CLANG_ENABLE_MODULES = YES;
				CLANG_ENABLE_OBJC_ARC = YES;
				CLANG_ENABLE_OBJC_WEAK = YES;
				CLANG_WARN_BLOCK_CAPTURE_AUTORELEASING = YES;
				CLANG_WARN_BOOL_CONVERSION = YES;
				CLANG_WARN_COMMA = YES;
				CLANG_WARN_CONSTANT_CONVERSION = YES;
				CLANG_WARN_DEPRECATED_OBJC_IMPLEMENTATIONS = YES;
				CLANG_WARN_DIRECT_OBJC_ISA_USAGE = YES_ERROR;
				CLANG_WARN_DOCUMENTATION_COMMENTS = YES;
				CLANG_WARN_EMPTY_BODY = YES;
				CLANG_WARN_ENUM_CONVERSION = YES;
				CLANG_WARN_INFINITE_RECURSION = YES;
				CLANG_WARN_INT_CONVERSION = YES;
				CLANG_WARN_NON_LITERAL_NULL_CONVERSION = YES;
				CLANG_WARN_OBJC_IMPLICIT_RETAIN_SELF = YES;
				CLANG_WARN_OBJC_LITERAL_CONVERSION = YES;
				CLANG_WARN_OBJC_ROOT_CLASS = YES_ERROR;
				CLANG_WARN_QUOTED_INCLUDE_IN_FRAMEWORK_HEADER = YES;
				CLANG_WARN_RANGE_LOOP_ANALYSIS = YES;
				CLANG_WARN_STRICT_PROTOTYPES = YES;
				CLANG_WARN_SUSPICIOUS_MOVE = YES;
				CLANG_WARN_UNGUARDED_AVAILABILITY = YES_AGGRESSIVE;
				CLANG_WARN_UNREACHABLE_CODE = YES;
				CLANG_WARN__DUPLICATE_METHOD_MATCH = YES;
				COPY_PHASE_STRIP = NO;
				DEBUG_INFORMATION_FORMAT = "dwarf-with-dsym";
				ENABLE_NS_ASSERTIONS = NO;
				ENABLE_STRICT_OBJC_MSGSEND = YES;
				ENABLE_USER_SCRIPT_SANDBOXING = NO;
				GCC_C_LANGUAGE_STANDARD = gnu17;
				GCC_NO_COMMON_BLOCKS = YES;
				GCC_WARN_64_TO_32_BIT_CONVERSION = YES;
				GCC_WARN_ABOUT_RETURN_TYPE = YES_ERROR;
				GCC_WARN_UNDECLARED_SELECTOR = YES;
				GCC_WARN_UNINITIALIZED_AUTOS = YES_AGGRESSIVE;
				GCC_WARN_UNUSED_FUNCTION = YES;
				GCC_WARN_UNUSED_VARIABLE = YES;
				IPHONEOS_DEPLOYMENT_TARGET = 17.2;
				LOCALIZATION_PREFERS_STRING_CATALOGS = YES;
				MTL_ENABLE_DEBUG_INFO = NO;
				MTL_FAST_MATH = YES;
				SDKROOT = iphoneos;
				SWIFT_COMPILATION_MODE = wholemodule;
				VALIDATE_PRODUCT = YES;
			};
			name = Release;
		};
		169A74D52BF55E030060DE54 /* Debug */ = {
			isa = XCBuildConfiguration;
			baseConfigurationReference = EACD7EF03FED138469C103F1 /* Pods-Sportify.debug.xcconfig */;
			buildSettings = {
				ASSETCATALOG_COMPILER_APPICON_NAME = AppIcon;
				ASSETCATALOG_COMPILER_GLOBAL_ACCENT_COLOR_NAME = AccentColor;
				CODE_SIGN_STYLE = Automatic;
				CURRENT_PROJECT_VERSION = 1;
				GENERATE_INFOPLIST_FILE = YES;
				INFOPLIST_FILE = Sportify/Info.plist;
				INFOPLIST_KEY_UIApplicationSupportsIndirectInputEvents = YES;
				INFOPLIST_KEY_UILaunchStoryboardName = LaunchScreen;
				INFOPLIST_KEY_UIMainStoryboardFile = "";
				INFOPLIST_KEY_UISupportedInterfaceOrientations_iPad = "UIInterfaceOrientationPortrait UIInterfaceOrientationPortraitUpsideDown UIInterfaceOrientationLandscapeLeft UIInterfaceOrientationLandscapeRight";
				INFOPLIST_KEY_UISupportedInterfaceOrientations_iPhone = "UIInterfaceOrientationPortrait UIInterfaceOrientationLandscapeLeft UIInterfaceOrientationLandscapeRight";
				IPHONEOS_DEPLOYMENT_TARGET = 15.0;
				LD_RUNPATH_SEARCH_PATHS = (
					"$(inherited)",
					"@executable_path/Frameworks",
				);
				MARKETING_VERSION = 1.0;
				PRODUCT_BUNDLE_IDENTIFIER = ITI.Sportify;
				PRODUCT_NAME = "$(TARGET_NAME)";
				SWIFT_EMIT_LOC_STRINGS = YES;
				SWIFT_VERSION = 5.0;
				TARGETED_DEVICE_FAMILY = "1,2";
			};
			name = Debug;
		};
		169A74D62BF55E030060DE54 /* Release */ = {
			isa = XCBuildConfiguration;
			baseConfigurationReference = 9537C74A99DFA3ED219D6375 /* Pods-Sportify.release.xcconfig */;
			buildSettings = {
				ASSETCATALOG_COMPILER_APPICON_NAME = AppIcon;
				ASSETCATALOG_COMPILER_GLOBAL_ACCENT_COLOR_NAME = AccentColor;
				CODE_SIGN_STYLE = Automatic;
				CURRENT_PROJECT_VERSION = 1;
				GENERATE_INFOPLIST_FILE = YES;
				INFOPLIST_FILE = Sportify/Info.plist;
				INFOPLIST_KEY_UIApplicationSupportsIndirectInputEvents = YES;
				INFOPLIST_KEY_UILaunchStoryboardName = LaunchScreen;
				INFOPLIST_KEY_UIMainStoryboardFile = "";
				INFOPLIST_KEY_UISupportedInterfaceOrientations_iPad = "UIInterfaceOrientationPortrait UIInterfaceOrientationPortraitUpsideDown UIInterfaceOrientationLandscapeLeft UIInterfaceOrientationLandscapeRight";
				INFOPLIST_KEY_UISupportedInterfaceOrientations_iPhone = "UIInterfaceOrientationPortrait UIInterfaceOrientationLandscapeLeft UIInterfaceOrientationLandscapeRight";
				IPHONEOS_DEPLOYMENT_TARGET = 15.0;
				LD_RUNPATH_SEARCH_PATHS = (
					"$(inherited)",
					"@executable_path/Frameworks",
				);
				MARKETING_VERSION = 1.0;
				PRODUCT_BUNDLE_IDENTIFIER = ITI.Sportify;
				PRODUCT_NAME = "$(TARGET_NAME)";
				SWIFT_EMIT_LOC_STRINGS = YES;
				SWIFT_VERSION = 5.0;
				TARGETED_DEVICE_FAMILY = "1,2";
			};
			name = Release;
		};
/* End XCBuildConfiguration section */

/* Begin XCConfigurationList section */
		169A74B82BF55DF40060DE54 /* Build configuration list for PBXProject "Sportify" */ = {
			isa = XCConfigurationList;
			buildConfigurations = (
				169A74D22BF55E030060DE54 /* Debug */,
				169A74D32BF55E030060DE54 /* Release */,
			);
			defaultConfigurationIsVisible = 0;
			defaultConfigurationName = Release;
		};
		169A74D42BF55E030060DE54 /* Build configuration list for PBXNativeTarget "Sportify" */ = {
			isa = XCConfigurationList;
			buildConfigurations = (
				169A74D52BF55E030060DE54 /* Debug */,
				169A74D62BF55E030060DE54 /* Release */,
			);
			defaultConfigurationIsVisible = 0;
			defaultConfigurationName = Release;
		};
/* End XCConfigurationList section */

/* Begin XCVersionGroup section */
		169A74C92BF55DF50060DE54 /* Sportify.xcdatamodeld */ = {
			isa = XCVersionGroup;
			children = (
				169A74CA2BF55DF50060DE54 /* Sportify.xcdatamodel */,
			);
			currentVersion = 169A74CA2BF55DF50060DE54 /* Sportify.xcdatamodel */;
			path = Sportify.xcdatamodeld;
			sourceTree = "<group>";
			versionGroupType = wrapper.xcdatamodel;
		};
/* End XCVersionGroup section */
	};
	rootObject = 169A74B52BF55DF40060DE54 /* Project object */;
}
